
Microsoft Visual Studio Solution File, Format Version 12.00
# Visual Studio Version 16
VisualStudioVersion = 16.0.28711.60
MinimumVisualStudioVersion = 10.0.40219.1
Project("{FAE04EC0-301F-11D3-BF4B-00C04F79EFBC}") = "KOR.SystemInfo", "KOR.SystemInfo\KOR.SystemInfo.csproj", "{9FDBF1B5-8BF8-4F83-B4CA-29E56D7077F6}"
EndProject
Project("{FAE04EC0-301F-11D3-BF4B-00C04F79EFBC}") = "ExampleSystemInfoApp", "ExampleSystemInfoApp\ExampleSystemInfoApp.csproj", "{27F6617D-DF6E-4B3A-B34D-A2F8DC976300}"
EndProject
Global
	GlobalSection(SolutionConfigurationPlatforms) = preSolution
		Debug|Any CPU = Debug|Any CPU
		Release|Any CPU = Release|Any CPU
	EndGlobalSection
	GlobalSection(ProjectConfigurationPlatforms) = postSolution
		{9FDBF1B5-8BF8-4F83-B4CA-29E56D7077F6}.Debug|Any CPU.ActiveCfg = Debug|Any CPU
		{9FDBF1B5-8BF8-4F83-B4CA-29E56D7077F6}.Debug|Any CPU.Build.0 = Debug|Any CPU
		{9FDBF1B5-8BF8-4F83-B4CA-29E56D7077F6}.Release|Any CPU.ActiveCfg = Release|Any CPU
		{9FDBF1B5-8BF8-4F83-B4CA-29E56D7077F6}.Release|Any CPU.Build.0 = Release|Any CPU
		{27F6617D-DF6E-4B3A-B34D-A2F8DC976300}.Debug|Any CPU.ActiveCfg = Debug|Any CPU
		{27F6617D-DF6E-4B3A-B34D-A2F8DC976300}.Debug|Any CPU.Build.0 = Debug|Any CPU
		{27F6617D-DF6E-4B3A-B34D-A2F8DC976300}.Release|Any CPU.ActiveCfg = Release|Any CPU
		{27F6617D-DF6E-4B3A-B34D-A2F8DC976300}.Release|Any CPU.Build.0 = Release|Any CPU
	EndGlobalSection
	GlobalSection(SolutionProperties) = preSolution
		HideSolutionNode = FALSE
	EndGlobalSection
	GlobalSection(ExtensibilityGlobals) = postSolution
		SolutionGuid = {B7EA6FDF-FA8D-4071-9F9E-7BE081DECF47}
	EndGlobalSection
EndGlobal
